
Microsoft Visual Studio Solution File, Format Version 12.00
# Visual Studio Version 17
VisualStudioVersion = 17.13.35931.197
MinimumVisualStudioVersion = 10.0.40219.1
Project("{FAE04EC0-301F-11D3-BF4B-00C04F79EFBC}") = "TodoApp", "TodoApp.csproj", "{6CC9A771-4B6B-4113-9EF9-86E9B0310C13}"
EndProject
Project("{54435603-DBB4-11D2-8724-00A0C9A8B90C}") = "TodoAppInstaller", "..\TodoAppInstaller\TodoAppInstaller.vdproj", "{4752E7F5-5E89-EF42-8AED-7E1E7F77F317}"
EndProject
Global
	GlobalSection(SolutionConfigurationPlatforms) = preSolution
		Debug|Any CPU = Debug|Any CPU
		Release|Any CPU = Release|Any CPU
	EndGlobalSection
	GlobalSection(ProjectConfigurationPlatforms) = postSolution
		{6CC9A771-4B6B-4113-9EF9-86E9B0310C13}.Debug|Any CPU.ActiveCfg = Debug|Any CPU
		{6CC9A771-4B6B-4113-9EF9-86E9B0310C13}.Debug|Any CPU.Build.0 = Debug|Any CPU
		{6CC9A771-4B6B-4113-9EF9-86E9B0310C13}.Release|Any CPU.ActiveCfg = Release|Any CPU
		{6CC9A771-4B6B-4113-9EF9-86E9B0310C13}.Release|Any CPU.Build.0 = Release|Any CPU
		{4752E7F5-5E89-EF42-8AED-7E1E7F77F317}.Debug|Any CPU.ActiveCfg = Debug
		{4752E7F5-5E89-EF42-8AED-7E1E7F77F317}.Release|Any CPU.ActiveCfg = Release
	EndGlobalSection
	GlobalSection(SolutionProperties) = preSolution
		HideSolutionNode = FALSE
	EndGlobalSection
	GlobalSection(ExtensibilityGlobals) = postSolution
		SolutionGuid = {2258B1FD-DB5C-4E15-AE77-DB3507864DE9}
	EndGlobalSection
EndGlobal
